Microsoft Visual Studio Solution File, Format Version 12.00
# Visual Studio 2012
Project("{FAE04EC0-301F-11D3-BF4B-00C04F79EFBC}") = "comps_v1", "comps_v1.csproj", "{DA84FD1E-0A93-4CB7-A0BB-4800B11AD907}"
EndProject
Global
	GlobalSection(SolutionConfigurationPlatforms) = preSolution
	Debug|Any CPU = Debug|Any CPU
	ExportDebug|Any CPU = ExportDebug|Any CPU
	ExportRelease|Any CPU = ExportRelease|Any CPU
	EndGlobalSection
	GlobalSection(ProjectConfigurationPlatforms) = postSolution
		{DA84FD1E-0A93-4CB7-A0BB-4800B11AD907}.Debug|Any CPU.ActiveCfg = Debug|Any CPU
		{DA84FD1E-0A93-4CB7-A0BB-4800B11AD907}.Debug|Any CPU.Build.0 = Debug|Any CPU
		{DA84FD1E-0A93-4CB7-A0BB-4800B11AD907}.ExportDebug|Any CPU.ActiveCfg = ExportDebug|Any CPU
		{DA84FD1E-0A93-4CB7-A0BB-4800B11AD907}.ExportDebug|Any CPU.Build.0 = ExportDebug|Any CPU
		{DA84FD1E-0A93-4CB7-A0BB-4800B11AD907}.ExportRelease|Any CPU.ActiveCfg = ExportRelease|Any CPU
		{DA84FD1E-0A93-4CB7-A0BB-4800B11AD907}.ExportRelease|Any CPU.Build.0 = ExportRelease|Any CPU
	EndGlobalSection
EndGlobal
